
Microsoft Visual Studio Solution File, Format Version 12.00
# Visual Studio 15
VisualStudioVersion = 15.0.27703.2042
MinimumVisualStudioVersion = 10.0.40219.1
Project("{8BC9CEB8-8B4A-11D0-8D11-00A0C91BC942}") = "绘制三角形", "绘制三角形\绘制三角形.vcxproj", "{7B7280D3-F304-4088-8E44-2D302797E6F2}"
EndProject
Global
	GlobalSection(SolutionConfigurationPlatforms) = preSolution
		Debug|x64 = Debug|x64
		Debug|x86 = Debug|x86
		Release|x64 = Release|x64
		Release|x86 = Release|x86
	EndGlobalSection
	GlobalSection(ProjectConfigurationPlatforms) = postSolution
		{7B7280D3-F304-4088-8E44-2D302797E6F2}.Debug|x64.ActiveCfg = Debug|x64
		{7B7280D3-F304-4088-8E44-2D302797E6F2}.Debug|x64.Build.0 = Debug|x64
		{7B7280D3-F304-4088-8E44-2D302797E6F2}.Debug|x86.ActiveCfg = Debug|Win32
		{7B7280D3-F304-4088-8E44-2D302797E6F2}.Debug|x86.Build.0 = Debug|Win32
		{7B7280D3-F304-4088-8E44-2D302797E6F2}.Release|x64.ActiveCfg = Release|x64
		{7B7280D3-F304-4088-8E44-2D302797E6F2}.Release|x64.Build.0 = Release|x64
		{7B7280D3-F304-4088-8E44-2D302797E6F2}.Release|x86.ActiveCfg = Release|Win32
		{7B7280D3-F304-4088-8E44-2D302797E6F2}.Release|x86.Build.0 = Release|Win32
	EndGlobalSection
	GlobalSection(SolutionProperties) = preSolution
		HideSolutionNode = FALSE
	EndGlobalSection
	GlobalSection(ExtensibilityGlobals) = postSolution
		SolutionGuid = {C0A2FC1F-AB31-45B9-99CF-E5089FF18804}
	EndGlobalSection
EndGlobal
